
Microsoft Visual Studio Solution File, Format Version 12.00
# Visual Studio Version 16
VisualStudioVersion = 16.0.30128.74
MinimumVisualStudioVersion = 10.0.40219.1
Project("{9A19103F-16F7-4668-BE54-9A1E7A4F7556}") = "BeatSaberPlaylistsLib", "BeatSaberPlaylistsLib\BeatSaberPlaylistsLib.csproj", "{45DD2EF9-2453-4A1E-945D-AE7F9D2E0188}"
EndProject
Project("{9A19103F-16F7-4668-BE54-9A1E7A4F7556}") = "BeatSaberPlaylistsLibTests", "BeatSyncPlaylistLibTests\BeatSaberPlaylistsLibTests.csproj", "{4841AEA7-04C3-412E-A607-3C4D14F16F6D}"
EndProject
Project("{FAE04EC0-301F-11D3-BF4B-00C04F79EFBC}") = "ImageExperiments", "ImageExperiments\ImageExperiments.csproj", "{B5AD9C40-1498-46F2-8B4B-46270ED502A0}"
EndProject
Project("{9A19103F-16F7-4668-BE54-9A1E7A4F7556}") = "BeatSaberPlaylistsLib.BeatSaber", "BeatSaberPlaylistsLib.BeatSaber\BeatSaberPlaylistsLib.BeatSaber.csproj", "{409FEE3E-A288-4F1F-AB17-EA39C83C3E4B}"
EndProject
Project("{2150E333-8FDC-42A3-9474-1A3956D46DE8}") = "SolutionItems", "SolutionItems", "{7035BBEF-9026-410F-95A9-380D50E9F130}"
	ProjectSection(SolutionItems) = preProject
		BeatSaberPlaylistsLib.manifest = BeatSaberPlaylistsLib.manifest
		CHANGELOG.md = CHANGELOG.md
		Directory.Build.props = Directory.Build.props
		Directory.Build.targets = Directory.Build.targets
		README.md = README.md
	EndProjectSection
EndProject
Global
	GlobalSection(SolutionConfigurationPlatforms) = preSolution
		Debug|Any CPU = Debug|Any CPU
		Debug-BeatSaber|Any CPU = Debug-BeatSaber|Any CPU
		Release|Any CPU = Release|Any CPU
		Release-BeatSaber|Any CPU = Release-BeatSaber|Any CPU
	EndGlobalSection
	GlobalSection(ProjectConfigurationPlatforms) = postSolution
		{45DD2EF9-2453-4A1E-945D-AE7F9D2E0188}.Debug|Any CPU.ActiveCfg = Debug|Any CPU
		{45DD2EF9-2453-4A1E-945D-AE7F9D2E0188}.Debug|Any CPU.Build.0 = Debug|Any CPU
		{45DD2EF9-2453-4A1E-945D-AE7F9D2E0188}.Debug-BeatSaber|Any CPU.ActiveCfg = Debug|Any CPU
		{45DD2EF9-2453-4A1E-945D-AE7F9D2E0188}.Release|Any CPU.ActiveCfg = Release|Any CPU
		{45DD2EF9-2453-4A1E-945D-AE7F9D2E0188}.Release|Any CPU.Build.0 = Release|Any CPU
		{45DD2EF9-2453-4A1E-945D-AE7F9D2E0188}.Release-BeatSaber|Any CPU.ActiveCfg = Release|Any CPU
		{4841AEA7-04C3-412E-A607-3C4D14F16F6D}.Debug|Any CPU.ActiveCfg = Debug|Any CPU
		{4841AEA7-04C3-412E-A607-3C4D14F16F6D}.Debug|Any CPU.Build.0 = Debug|Any CPU
		{4841AEA7-04C3-412E-A607-3C4D14F16F6D}.Debug-BeatSaber|Any CPU.ActiveCfg = Debug|Any CPU
		{4841AEA7-04C3-412E-A607-3C4D14F16F6D}.Release|Any CPU.ActiveCfg = Release|Any CPU
		{4841AEA7-04C3-412E-A607-3C4D14F16F6D}.Release|Any CPU.Build.0 = Release|Any CPU
		{4841AEA7-04C3-412E-A607-3C4D14F16F6D}.Release-BeatSaber|Any CPU.ActiveCfg = Release|Any CPU
		{B5AD9C40-1498-46F2-8B4B-46270ED502A0}.Debug|Any CPU.ActiveCfg = Debug|Any CPU
		{B5AD9C40-1498-46F2-8B4B-46270ED502A0}.Debug|Any CPU.Build.0 = Debug|Any CPU
		{B5AD9C40-1498-46F2-8B4B-46270ED502A0}.Debug-BeatSaber|Any CPU.ActiveCfg = Debug|Any CPU
		{B5AD9C40-1498-46F2-8B4B-46270ED502A0}.Release|Any CPU.ActiveCfg = Release|Any CPU
		{B5AD9C40-1498-46F2-8B4B-46270ED502A0}.Release-BeatSaber|Any CPU.ActiveCfg = Release|Any CPU
		{409FEE3E-A288-4F1F-AB17-EA39C83C3E4B}.Debug|Any CPU.ActiveCfg = Debug-BeatSaber|Any CPU
		{409FEE3E-A288-4F1F-AB17-EA39C83C3E4B}.Debug-BeatSaber|Any CPU.ActiveCfg = Debug-BeatSaber|Any CPU
		{409FEE3E-A288-4F1F-AB17-EA39C83C3E4B}.Debug-BeatSaber|Any CPU.Build.0 = Debug-BeatSaber|Any CPU
		{409FEE3E-A288-4F1F-AB17-EA39C83C3E4B}.Release|Any CPU.ActiveCfg = Release-BeatSaber|Any CPU
		{409FEE3E-A288-4F1F-AB17-EA39C83C3E4B}.Release-BeatSaber|Any CPU.ActiveCfg = Release-BeatSaber|Any CPU
		{409FEE3E-A288-4F1F-AB17-EA39C83C3E4B}.Release-BeatSaber|Any CPU.Build.0 = Release-BeatSaber|Any CPU
	EndGlobalSection
	GlobalSection(SolutionProperties) = preSolution
		HideSolutionNode = FALSE
	EndGlobalSection
	GlobalSection(ExtensibilityGlobals) = postSolution
		SolutionGuid = {06798226-0441-4DFD-8D5B-1F08D94B8211}
	EndGlobalSection
EndGlobal
